<?xml version="1.0" encoding="UTF-8" standalone="yes" ?>
<CodeBlocks_project_file>
	<FileVersion major="1" minor="6" />
	<Project>
		<Option title="MCCC" />
		<Option pch_mode="2" />
		<Option compiler="gcc" />
		<Build>
			<Target title="Debug">
				<Option output="bin/Debug/MCCC" prefix_auto="1" extension_auto="1" />
				<Option object_output="obj/Debug/" />
				<Option type="1" />
				<Option compiler="gcc" />
				<Option parameters="automatedTest" />
				<Compiler>
					<Add option="-g" />
					<Add directory="./" />
				</Compiler>
			</Target>
			<Target title="Release">
				<Option output="bin/Release/MCCC" prefix_auto="1" extension_auto="1" />
				<Option object_output="obj/Release/" />
				<Option type="1" />
				<Option compiler="gcc" />
				<Compiler>
					<Add option="-O2" />
					<Add directory="./" />
				</Compiler>
				<Linker>
					<Add option="-s" />
				</Linker>
			</Target>
		</Build>
		<Compiler>
			<Add option="-Wall" />
			<Add option="-std=c++1z" />
		</Compiler>
		<Unit filename="Asm.cpp" />
		<Unit filename="Asm.h" />
		<Unit filename="AsmAST.cpp" />
		<Unit filename="AsmAST.h" />
		<Unit filename="AutomatedTests.cpp" />
		<Unit filename="AutomatedTests.h" />
		<Unit filename="Definitions.h" />
		<Unit filename="Helpers.h" />
		<Unit filename="Processor.cpp" />
		<Unit filename="Processor.h" />
		<Unit filename="Simulator.cpp" />
		<Unit filename="Simulator.h" />
		<Unit filename="Sym.cpp" />
		<Unit filename="Sym.h" />
		<Unit filename="SymAST.cpp" />
		<Unit filename="SymAST.h" />
		<Unit filename="factorialTest/basicMath.h.sym" />
		<Unit filename="factorialTest/basicMath.h.sym.asm">
			<Option compile="0" />
			<Option link="0" />
		</Unit>
		<Unit filename="factorialTest/basicMath.sym" />
		<Unit filename="factorialTest/basicMath.sym.asm">
			<Option compile="0" />
			<Option link="0" />
		</Unit>
		<Unit filename="factorialTest/factorial.asm.out" />
		<Unit filename="factorialTest/main.sym" />
		<Unit filename="factorialTest/main.sym.asm">
			<Option compile="0" />
			<Option link="0" />
		</Unit>
		<Unit filename="main.cpp" />
		<Extensions>
			<code_completion />
			<envvars />
			<debugger />
		</Extensions>
	</Project>
</CodeBlocks_project_file>
